<?xml version="1.0" encoding="utf-8"?>
<Project ToolsVersion="4.0" xmlns="http://schemas.microsoft.com/developer/msbuild/2003">
  <ItemGroup>
    <Filter Include="Source Files">
      <UniqueIdentifier>{4FC737F1-C7A5-4376-A066-2A32D752A2FF}</UniqueIdentifier>
      <Extensions>cpp;c;cc;cxx;def;odl;idl;hpj;bat;asm;asmx</Extensions>
    </Filter>
    <Filter Include="Header Files">
      <UniqueIdentifier>{93995380-89BD-4b04-88EB-625FBE52EBFB}</UniqueIdentifier>
      <Extensions>h;hh;hpp;hxx;hm;inl;inc;ipp;xsd</Extensions>
    </Filter>
    <Filter Include="Resource Files">
      <UniqueIdentifier>{67DA6AB6-F800-4c08-8B7A-83BB121AAD01}</UniqueIdentifier>
      <Extensions>rc;ico;cur;bmp;dlg;rc2;rct;bin;rgs;gif;jpg;jpeg;jpe;resx;tiff;tif;png;wav;mfcribbon-ms</Extensions>
    </Filter>
    <Filter Include="Resource Files\MinHook">
      <UniqueIdentifier>{fb884c75-ab85-4d78-8e47-14f5f18abfe8}</UniqueIdentifier>
    </Filter>
    <Filter Include="FW1FontWrapper">
      <UniqueIdentifier>{c809b23c-f540-4261-8029-1af2224bc8fe}</UniqueIdentifier>
    </Filter>
  </ItemGroup>
  <ItemGroup>
    <ClCompile Include="main.cpp">
      <Filter>Source Files</Filter>
    </ClCompile>
    <ClCompile Include="Minhook\src\buffer.c">
      <Filter>Resource Files\MinHook</Filter>
    </ClCompile>
    <ClCompile Include="Minhook\src\hook.c">
      <Filter>Resource Files\MinHook</Filter>
    </ClCompile>
    <ClCompile Include="Minhook\src\trampoline.c">
      <Filter>Resource Files\MinHook</Filter>
    </ClCompile>
    <ClCompile Include="Minhook\src\HDE\hde32.c">
      <Filter>Resource Files\MinHook</Filter>
    </ClCompile>
    <ClCompile Include="Minhook\src\HDE\hde64.c">
      <Filter>Resource Files\MinHook</Filter>
    </ClCompile>
    <ClCompile Include="UWP.cpp">
      <Filter>Source Files</Filter>
    </ClCompile>
    <ClCompile Include="GlobalGathering.cpp">
      <Filter>Source Files</Filter>
    </ClCompile>
    <ClCompile Include="FW1FontWrapper\CFW1ColorRGBA.cpp">
      <Filter>FW1FontWrapper</Filter>
    </ClCompile>
    <ClCompile Include="FW1FontWrapper\CFW1ColorRGBAInterface.cpp">
      <Filter>FW1FontWrapper</Filter>
    </ClCompile>
    <ClCompile Include="FW1FontWrapper\CFW1DWriteRenderTarget.cpp">
      <Filter>FW1FontWrapper</Filter>
    </ClCompile>
    <ClCompile Include="FW1FontWrapper\CFW1DWriteRenderTargetInterface.cpp">
      <Filter>FW1FontWrapper</Filter>
    </ClCompile>
    <ClCompile Include="FW1FontWrapper\CFW1Factory.cpp">
      <Filter>FW1FontWrapper</Filter>
    </ClCompile>
    <ClCompile Include="FW1FontWrapper\CFW1FactoryInterface.cpp">
      <Filter>FW1FontWrapper</Filter>
    </ClCompile>
    <ClCompile Include="FW1FontWrapper\CFW1FontWrapper.cpp">
      <Filter>FW1FontWrapper</Filter>
    </ClCompile>
    <ClCompile Include="FW1FontWrapper\CFW1FontWrapperInterface.cpp">
      <Filter>FW1FontWrapper</Filter>
    </ClCompile>
    <ClCompile Include="FW1FontWrapper\CFW1GlyphAtlas.cpp">
      <Filter>FW1FontWrapper</Filter>
    </ClCompile>
    <ClCompile Include="FW1FontWrapper\CFW1GlyphAtlasInterface.cpp">
      <Filter>FW1FontWrapper</Filter>
    </ClCompile>
    <ClCompile Include="FW1FontWrapper\CFW1GlyphProvider.cpp">
      <Filter>FW1FontWrapper</Filter>
    </ClCompile>
    <ClCompile Include="FW1FontWrapper\CFW1GlyphProviderInterface.cpp">
      <Filter>FW1FontWrapper</Filter>
    </ClCompile>
    <ClCompile Include="FW1FontWrapper\CFW1GlyphRenderStates.cpp">
      <Filter>FW1FontWrapper</Filter>
    </ClCompile>
    <ClCompile Include="FW1FontWrapper\CFW1GlyphRenderStatesInterface.cpp">
      <Filter>FW1FontWrapper</Filter>
    </ClCompile>
    <ClCompile Include="FW1FontWrapper\CFW1GlyphSheet.cpp">
      <Filter>FW1FontWrapper</Filter>
    </ClCompile>
    <ClCompile Include="FW1FontWrapper\CFW1GlyphSheetInterface.cpp">
      <Filter>FW1FontWrapper</Filter>
    </ClCompile>
    <ClCompile Include="FW1FontWrapper\CFW1GlyphVertexDrawer.cpp">
      <Filter>FW1FontWrapper</Filter>
    </ClCompile>
    <ClCompile Include="FW1FontWrapper\CFW1GlyphVertexDrawerInterface.cpp">
      <Filter>FW1FontWrapper</Filter>
    </ClCompile>
    <ClCompile Include="FW1FontWrapper\CFW1StateSaver.cpp">
      <Filter>FW1FontWrapper</Filter>
    </ClCompile>
    <ClCompile Include="FW1FontWrapper\CFW1TextGeometry.cpp">
      <Filter>FW1FontWrapper</Filter>
    </ClCompile>
    <ClCompile Include="FW1FontWrapper\CFW1TextGeometryInterface.cpp">
      <Filter>FW1FontWrapper</Filter>
    </ClCompile>
    <ClCompile Include="FW1FontWrapper\CFW1TextRenderer.cpp">
      <Filter>FW1FontWrapper</Filter>
    </ClCompile>
    <ClCompile Include="FW1FontWrapper\CFW1TextRendererInterface.cpp">
      <Filter>FW1FontWrapper</Filter>
    </ClCompile>
    <ClCompile Include="FW1FontWrapper\FW1FontWrapper.cpp">
      <Filter>FW1FontWrapper</Filter>
    </ClCompile>
    <ClCompile Include="FW1FontWrapper\FW1Precompiled.cpp">
      <Filter>FW1FontWrapper</Filter>
    </ClCompile>
    <ClCompile Include="memstream.cpp">
      <Filter>Source Files</Filter>
    </ClCompile>
  </ItemGroup>
  <ItemGroup>
    <ClInclude Include="main.h">
      <Filter>Header Files</Filter>
    </ClInclude>
    <ClInclude Include="Minhook\src\buffer.h">
      <Filter>Resource Files\MinHook</Filter>
    </ClInclude>
    <ClInclude Include="Minhook\src\trampoline.h">
      <Filter>Resource Files\MinHook</Filter>
    </ClInclude>
    <ClInclude Include="Minhook\src\HDE\hde32.h">
      <Filter>Resource Files\MinHook</Filter>
    </ClInclude>
    <ClInclude Include="Minhook\src\HDE\hde64.h">
      <Filter>Resource Files\MinHook</Filter>
    </ClInclude>
    <ClInclude Include="Minhook\src\HDE\pstdint.h">
      <Filter>Resource Files\MinHook</Filter>
    </ClInclude>
    <ClInclude Include="Minhook\src\HDE\table32.h">
      <Filter>Resource Files\MinHook</Filter>
    </ClInclude>
    <ClInclude Include="Minhook\src\HDE\table64.h">
      <Filter>Resource Files\MinHook</Filter>
    </ClInclude>
    <ClInclude Include="UWP.hpp">
      <Filter>Header Files</Filter>
    </ClInclude>
    <ClInclude Include="d3dx12.h">
      <Filter>Header Files</Filter>
    </ClInclude>
    <ClInclude Include="Common.h">
      <Filter>Header Files</Filter>
    </ClInclude>
    <ClInclude Include="D3D12ResourceHookInterface.h">
      <Filter>Header Files</Filter>
    </ClInclude>
    <ClInclude Include="D3D12CommandListHookInterface.h">
      <Filter>Header Files</Filter>
    </ClInclude>
    <ClInclude Include="D3D12DeviceHookInterface.h">
      <Filter>Header Files</Filter>
    </ClInclude>
    <ClInclude Include="D3D12CommandQueueHookInterface.h">
      <Filter>Header Files</Filter>
    </ClInclude>
    <ClInclude Include="D3D12SwapChainHookInterface.h">
      <Filter>Header Files</Filter>
    </ClInclude>
    <ClInclude Include="GlobalGathering.h">
      <Filter>Header Files</Filter>
    </ClInclude>
    <ClInclude Include="FW1FontWrapper\CFW1ColorRGBA.h">
      <Filter>FW1FontWrapper</Filter>
    </ClInclude>
    <ClInclude Include="FW1FontWrapper\CFW1DWriteRenderTarget.h">
      <Filter>FW1FontWrapper</Filter>
    </ClInclude>
    <ClInclude Include="FW1FontWrapper\CFW1Factory.h">
      <Filter>FW1FontWrapper</Filter>
    </ClInclude>
    <ClInclude Include="FW1FontWrapper\CFW1FontWrapper.h">
      <Filter>FW1FontWrapper</Filter>
    </ClInclude>
    <ClInclude Include="FW1FontWrapper\CFW1GlyphAtlas.h">
      <Filter>FW1FontWrapper</Filter>
    </ClInclude>
    <ClInclude Include="FW1FontWrapper\CFW1GlyphProvider.h">
      <Filter>FW1FontWrapper</Filter>
    </ClInclude>
    <ClInclude Include="FW1FontWrapper\CFW1GlyphRenderStates.h">
      <Filter>FW1FontWrapper</Filter>
    </ClInclude>
    <ClInclude Include="FW1FontWrapper\CFW1GlyphSheet.h">
      <Filter>FW1FontWrapper</Filter>
    </ClInclude>
    <ClInclude Include="FW1FontWrapper\CFW1GlyphVertexDrawer.h">
      <Filter>FW1FontWrapper</Filter>
    </ClInclude>
    <ClInclude Include="FW1FontWrapper\CFW1Object.h">
      <Filter>FW1FontWrapper</Filter>
    </ClInclude>
    <ClInclude Include="FW1FontWrapper\CFW1StateSaver.h">
      <Filter>FW1FontWrapper</Filter>
    </ClInclude>
    <ClInclude Include="FW1FontWrapper\CFW1TextGeometry.h">
      <Filter>FW1FontWrapper</Filter>
    </ClInclude>
    <ClInclude Include="FW1FontWrapper\CFW1TextRenderer.h">
      <Filter>FW1FontWrapper</Filter>
    </ClInclude>
    <ClInclude Include="FW1FontWrapper\FW1CompileSettings.h">
      <Filter>FW1FontWrapper</Filter>
    </ClInclude>
    <ClInclude Include="FW1FontWrapper\FW1FontWrapper.h">
      <Filter>FW1FontWrapper</Filter>
    </ClInclude>
    <ClInclude Include="FW1FontWrapper\FW1Precompiled.h">
      <Filter>FW1FontWrapper</Filter>
    </ClInclude>
    <ClInclude Include="memstream.h">
      <Filter>Header Files</Filter>
    </ClInclude>
    <ClInclude Include="xdefine.h">
      <Filter>Header Files</Filter>
    </ClInclude>
  </ItemGroup>
  <ItemGroup>
    <Text Include="METHODSTABLE.txt" />
  </ItemGroup>
</Project>